
Microsoft Visual Studio Solution File, Format Version 12.00
# Visual Studio 14
VisualStudioVersion = 14.0.25420.1
MinimumVisualStudioVersion = 10.0.40219.1
Project("{2150E333-8FDC-42A3-9474-1A3956D46DE8}") = "Configuration", "Configuration", "{75047675-A0A1-48A9-A070-62720AD1E16E}"
	ProjectSection(SolutionItems) = preProject
		gulp-config.js = gulp-config.js
		gulpfile.js = gulpfile.js
		package.json = package.json
	EndProjectSection
EndProject
Project("{2150E333-8FDC-42A3-9474-1A3956D46DE8}") = "Feature", "Feature", "{BF2971D9-CA58-49B1-A928-8E2567A8DA60}"
EndProject
Project("{2150E333-8FDC-42A3-9474-1A3956D46DE8}") = "Foundation", "Foundation", "{37BAC6F3-353E-437F-9745-6E431FB3AC37}"
EndProject
Project("{2150E333-8FDC-42A3-9474-1A3956D46DE8}") = "Project", "Project", "{4EDEABDE-B2CC-4B95-920A-9EA87B391E38}"
EndProject
Project("{2150E333-8FDC-42A3-9474-1A3956D46DE8}") = "Articles", "Articles", "{CEABFC71-5BE9-4954-95E7-27A09AE3EBB9}"
EndProject
Project("{2150E333-8FDC-42A3-9474-1A3956D46DE8}") = "Marketing", "Marketing", "{0757586A-8773-480B-B9E4-8E2B63F3C01C}"
EndProject
Project("{2150E333-8FDC-42A3-9474-1A3956D46DE8}") = "Media", "Media", "{680BD285-1601-42BD-B52C-338E5A3F3154}"
EndProject
Project("{2150E333-8FDC-42A3-9474-1A3956D46DE8}") = "Search", "Search", "{CA90ED8A-1283-411F-8D3E-5DF5C92201C1}"
EndProject
Project("{2150E333-8FDC-42A3-9474-1A3956D46DE8}") = "Indexing", "Indexing", "{B82ACCC6-6946-4080-9511-A414C63F2CCF}"
EndProject
Project("{2150E333-8FDC-42A3-9474-1A3956D46DE8}") = "IoC", "IoC", "{7C143220-C3BD-4BD1-898C-4A46F9A3D6F2}"
EndProject
Project("{2150E333-8FDC-42A3-9474-1A3956D46DE8}") = "Model", "Model", "{98BDD459-B9D2-4525-B914-2831A8D2D13F}"
EndProject
Project("{2150E333-8FDC-42A3-9474-1A3956D46DE8}") = "Orm", "Orm", "{3D617531-09C5-41BF-AD8A-1A8914F7400B}"
EndProject
Project("{2150E333-8FDC-42A3-9474-1A3956D46DE8}") = "Repository", "Repository", "{681BF1AC-5F1D-4F40-A4B8-4E4D533CD73A}"
EndProject
Project("{2150E333-8FDC-42A3-9474-1A3956D46DE8}") = "SitecoreExtensions", "SitecoreExtensions", "{845D308E-0F46-44C0-A6DE-64C6E8ACDAAB}"
EndProject
Project("{2150E333-8FDC-42A3-9474-1A3956D46DE8}") = "Styling", "Styling", "{66647884-5F5A-4F06-A643-3B5FBFC169A2}"
EndProject
Project("{2150E333-8FDC-42A3-9474-1A3956D46DE8}") = "SitecoreDev", "SitecoreDev", "{68841364-DEF8-4416-BF06-F628CB3953C8}"
EndProject
Project("{FAE04EC0-301F-11D3-BF4B-00C04F79EFBC}") = "SitecoreDev.Foundation.Styling", "Foundation\Styling\SitecoreDev.Foundation.Styling\SitecoreDev.Foundation.Styling.csproj", "{F607C04A-BDAC-4AC7-99DC-C8A1C7639160}"
EndProject
Project("{FAE04EC0-301F-11D3-BF4B-00C04F79EFBC}") = "SitecoreDev.Foundation.Model", "Foundation\Model\SitecoreDev.Foundation.Model\SitecoreDev.Foundation.Model.csproj", "{98F7662A-99C7-4D96-95A5-9E7152C9906E}"
EndProject
Project("{FAE04EC0-301F-11D3-BF4B-00C04F79EFBC}") = "SitecoreDev.Foundation.Ioc", "Foundation\Ioc\SitecoreDev.Foundation.Ioc\SitecoreDev.Foundation.Ioc.csproj", "{51A6E73F-1555-45D0-9ED1-A3E3D7A2EF5E}"
EndProject
Project("{FAE04EC0-301F-11D3-BF4B-00C04F79EFBC}") = "SitecoreDev.Foundation.Orm", "Foundation\Orm\SitecoreDev.Foundation.Orm\SitecoreDev.Foundation.Orm.csproj", "{E30DA289-F0DF-455D-971B-3AAF05752FAB}"
EndProject
Project("{FAE04EC0-301F-11D3-BF4B-00C04F79EFBC}") = "SitecoreDev.Foundation.Repository", "Foundation\Repository\SitecoreDev.Foundation.Repository\SitecoreDev.Foundation.Repository.csproj", "{260CCC22-BAEE-4B4F-A137-EA9332F9E636}"
EndProject
Project("{FAE04EC0-301F-11D3-BF4B-00C04F79EFBC}") = "SitecoreDev.Foundation.Indexing", "Foundation\Indexing\SitecoreDev.Foundation.Indexing\SitecoreDev.Foundation.Indexing.csproj", "{FCA73767-483E-4421-A888-72283CFCBD27}"
EndProject
Project("{FAE04EC0-301F-11D3-BF4B-00C04F79EFBC}") = "SitecoreDev.Foundation.SitecoreExtensions", "Foundation\SitecoreExtensions\SitecoreDev.Foundation.SitecoreExtensions\SitecoreDev.Foundation.SitecoreExtensions.csproj", "{667602FC-2957-486A-B1E8-70355CD58EB8}"
EndProject
Project("{FAE04EC0-301F-11D3-BF4B-00C04F79EFBC}") = "SitecoreDev.Feature.Articles", "Feature\Articles\SitecoreDev.Feature.Articles\SitecoreDev.Feature.Articles.csproj", "{62738B91-64A0-4DEB-BB4A-FC0D21CF0602}"
EndProject
Project("{FAE04EC0-301F-11D3-BF4B-00C04F79EFBC}") = "SitecoreDev.Feature.Marketing", "Feature\Marketing\SitecoreDev.Feature.Marketing\SitecoreDev.Feature.Marketing.csproj", "{278350C3-D71B-4C7D-9BC3-7677AE1A2CFD}"
EndProject
Project("{FAE04EC0-301F-11D3-BF4B-00C04F79EFBC}") = "SitecoreDev.Feature.Media", "Feature\Media\SitecoreDev.Feature.Media\SitecoreDev.Feature.Media.csproj", "{DC3056CF-59EC-4AB6-AF30-9C7937411040}"
EndProject
Project("{FAE04EC0-301F-11D3-BF4B-00C04F79EFBC}") = "SitecoreDev.Feature.Media.Tests", "Feature\Media\SitecoreDev.Feature.Media.Tests\SitecoreDev.Feature.Media.Tests.csproj", "{F6F5CB0F-9B4D-446C-935A-2F1C080F6F51}"
EndProject
Project("{FAE04EC0-301F-11D3-BF4B-00C04F79EFBC}") = "SitecoreDev.Feature.Search", "Feature\Search\SitecoreDev.Feature.Search\SitecoreDev.Feature.Search.csproj", "{AAF3CDE7-51BD-4F8E-B65B-588EF0689ADB}"
EndProject
Project("{FAE04EC0-301F-11D3-BF4B-00C04F79EFBC}") = "SitecoreDev.Website", "Project\SitecoreDev\SitecoreDev.Website\SitecoreDev.Website.csproj", "{0F057785-9254-40A1-B755-BE325A1381CF}"
EndProject
Global
	GlobalSection(SolutionConfigurationPlatforms) = preSolution
		Debug|Any CPU = Debug|Any CPU
		Release|Any CPU = Release|Any CPU
	EndGlobalSection
	GlobalSection(ProjectConfigurationPlatforms) = postSolution
		{F607C04A-BDAC-4AC7-99DC-C8A1C7639160}.Debug|Any CPU.ActiveCfg = Debug|Any CPU
		{F607C04A-BDAC-4AC7-99DC-C8A1C7639160}.Debug|Any CPU.Build.0 = Debug|Any CPU
		{F607C04A-BDAC-4AC7-99DC-C8A1C7639160}.Release|Any CPU.ActiveCfg = Release|Any CPU
		{F607C04A-BDAC-4AC7-99DC-C8A1C7639160}.Release|Any CPU.Build.0 = Release|Any CPU
		{98F7662A-99C7-4D96-95A5-9E7152C9906E}.Debug|Any CPU.ActiveCfg = Debug|Any CPU
		{98F7662A-99C7-4D96-95A5-9E7152C9906E}.Debug|Any CPU.Build.0 = Debug|Any CPU
		{98F7662A-99C7-4D96-95A5-9E7152C9906E}.Release|Any CPU.ActiveCfg = Release|Any CPU
		{98F7662A-99C7-4D96-95A5-9E7152C9906E}.Release|Any CPU.Build.0 = Release|Any CPU
		{51A6E73F-1555-45D0-9ED1-A3E3D7A2EF5E}.Debug|Any CPU.ActiveCfg = Debug|Any CPU
		{51A6E73F-1555-45D0-9ED1-A3E3D7A2EF5E}.Debug|Any CPU.Build.0 = Debug|Any CPU
		{51A6E73F-1555-45D0-9ED1-A3E3D7A2EF5E}.Release|Any CPU.ActiveCfg = Release|Any CPU
		{51A6E73F-1555-45D0-9ED1-A3E3D7A2EF5E}.Release|Any CPU.Build.0 = Release|Any CPU
		{E30DA289-F0DF-455D-971B-3AAF05752FAB}.Debug|Any CPU.ActiveCfg = Debug|Any CPU
		{E30DA289-F0DF-455D-971B-3AAF05752FAB}.Debug|Any CPU.Build.0 = Debug|Any CPU
		{E30DA289-F0DF-455D-971B-3AAF05752FAB}.Release|Any CPU.ActiveCfg = Release|Any CPU
		{E30DA289-F0DF-455D-971B-3AAF05752FAB}.Release|Any CPU.Build.0 = Release|Any CPU
		{260CCC22-BAEE-4B4F-A137-EA9332F9E636}.Debug|Any CPU.ActiveCfg = Debug|Any CPU
		{260CCC22-BAEE-4B4F-A137-EA9332F9E636}.Debug|Any CPU.Build.0 = Debug|Any CPU
		{260CCC22-BAEE-4B4F-A137-EA9332F9E636}.Release|Any CPU.ActiveCfg = Release|Any CPU
		{260CCC22-BAEE-4B4F-A137-EA9332F9E636}.Release|Any CPU.Build.0 = Release|Any CPU
		{FCA73767-483E-4421-A888-72283CFCBD27}.Debug|Any CPU.ActiveCfg = Debug|Any CPU
		{FCA73767-483E-4421-A888-72283CFCBD27}.Debug|Any CPU.Build.0 = Debug|Any CPU
		{FCA73767-483E-4421-A888-72283CFCBD27}.Release|Any CPU.ActiveCfg = Release|Any CPU
		{FCA73767-483E-4421-A888-72283CFCBD27}.Release|Any CPU.Build.0 = Release|Any CPU
		{667602FC-2957-486A-B1E8-70355CD58EB8}.Debug|Any CPU.ActiveCfg = Debug|Any CPU
		{667602FC-2957-486A-B1E8-70355CD58EB8}.Debug|Any CPU.Build.0 = Debug|Any CPU
		{667602FC-2957-486A-B1E8-70355CD58EB8}.Release|Any CPU.ActiveCfg = Release|Any CPU
		{667602FC-2957-486A-B1E8-70355CD58EB8}.Release|Any CPU.Build.0 = Release|Any CPU
		{62738B91-64A0-4DEB-BB4A-FC0D21CF0602}.Debug|Any CPU.ActiveCfg = Debug|Any CPU
		{62738B91-64A0-4DEB-BB4A-FC0D21CF0602}.Debug|Any CPU.Build.0 = Debug|Any CPU
		{62738B91-64A0-4DEB-BB4A-FC0D21CF0602}.Release|Any CPU.ActiveCfg = Release|Any CPU
		{62738B91-64A0-4DEB-BB4A-FC0D21CF0602}.Release|Any CPU.Build.0 = Release|Any CPU
		{278350C3-D71B-4C7D-9BC3-7677AE1A2CFD}.Debug|Any CPU.ActiveCfg = Debug|Any CPU
		{278350C3-D71B-4C7D-9BC3-7677AE1A2CFD}.Debug|Any CPU.Build.0 = Debug|Any CPU
		{278350C3-D71B-4C7D-9BC3-7677AE1A2CFD}.Release|Any CPU.ActiveCfg = Release|Any CPU
		{278350C3-D71B-4C7D-9BC3-7677AE1A2CFD}.Release|Any CPU.Build.0 = Release|Any CPU
		{DC3056CF-59EC-4AB6-AF30-9C7937411040}.Debug|Any CPU.ActiveCfg = Debug|Any CPU
		{DC3056CF-59EC-4AB6-AF30-9C7937411040}.Debug|Any CPU.Build.0 = Debug|Any CPU
		{DC3056CF-59EC-4AB6-AF30-9C7937411040}.Release|Any CPU.ActiveCfg = Release|Any CPU
		{DC3056CF-59EC-4AB6-AF30-9C7937411040}.Release|Any CPU.Build.0 = Release|Any CPU
		{F6F5CB0F-9B4D-446C-935A-2F1C080F6F51}.Debug|Any CPU.ActiveCfg = Debug|Any CPU
		{F6F5CB0F-9B4D-446C-935A-2F1C080F6F51}.Debug|Any CPU.Build.0 = Debug|Any CPU
		{F6F5CB0F-9B4D-446C-935A-2F1C080F6F51}.Release|Any CPU.ActiveCfg = Release|Any CPU
		{F6F5CB0F-9B4D-446C-935A-2F1C080F6F51}.Release|Any CPU.Build.0 = Release|Any CPU
		{AAF3CDE7-51BD-4F8E-B65B-588EF0689ADB}.Debug|Any CPU.ActiveCfg = Debug|Any CPU
		{AAF3CDE7-51BD-4F8E-B65B-588EF0689ADB}.Debug|Any CPU.Build.0 = Debug|Any CPU
		{AAF3CDE7-51BD-4F8E-B65B-588EF0689ADB}.Release|Any CPU.ActiveCfg = Release|Any CPU
		{AAF3CDE7-51BD-4F8E-B65B-588EF0689ADB}.Release|Any CPU.Build.0 = Release|Any CPU
		{0F057785-9254-40A1-B755-BE325A1381CF}.Debug|Any CPU.ActiveCfg = Debug|Any CPU
		{0F057785-9254-40A1-B755-BE325A1381CF}.Debug|Any CPU.Build.0 = Debug|Any CPU
		{0F057785-9254-40A1-B755-BE325A1381CF}.Release|Any CPU.ActiveCfg = Release|Any CPU
		{0F057785-9254-40A1-B755-BE325A1381CF}.Release|Any CPU.Build.0 = Release|Any CPU
	EndGlobalSection
	GlobalSection(SolutionProperties) = preSolution
		HideSolutionNode = FALSE
	EndGlobalSection
	GlobalSection(NestedProjects) = preSolution
		{CEABFC71-5BE9-4954-95E7-27A09AE3EBB9} = {BF2971D9-CA58-49B1-A928-8E2567A8DA60}
		{0757586A-8773-480B-B9E4-8E2B63F3C01C} = {BF2971D9-CA58-49B1-A928-8E2567A8DA60}
		{680BD285-1601-42BD-B52C-338E5A3F3154} = {BF2971D9-CA58-49B1-A928-8E2567A8DA60}
		{CA90ED8A-1283-411F-8D3E-5DF5C92201C1} = {BF2971D9-CA58-49B1-A928-8E2567A8DA60}
		{B82ACCC6-6946-4080-9511-A414C63F2CCF} = {37BAC6F3-353E-437F-9745-6E431FB3AC37}
		{7C143220-C3BD-4BD1-898C-4A46F9A3D6F2} = {37BAC6F3-353E-437F-9745-6E431FB3AC37}
		{98BDD459-B9D2-4525-B914-2831A8D2D13F} = {37BAC6F3-353E-437F-9745-6E431FB3AC37}
		{3D617531-09C5-41BF-AD8A-1A8914F7400B} = {37BAC6F3-353E-437F-9745-6E431FB3AC37}
		{681BF1AC-5F1D-4F40-A4B8-4E4D533CD73A} = {37BAC6F3-353E-437F-9745-6E431FB3AC37}
		{845D308E-0F46-44C0-A6DE-64C6E8ACDAAB} = {37BAC6F3-353E-437F-9745-6E431FB3AC37}
		{66647884-5F5A-4F06-A643-3B5FBFC169A2} = {37BAC6F3-353E-437F-9745-6E431FB3AC37}
		{68841364-DEF8-4416-BF06-F628CB3953C8} = {4EDEABDE-B2CC-4B95-920A-9EA87B391E38}
		{F607C04A-BDAC-4AC7-99DC-C8A1C7639160} = {66647884-5F5A-4F06-A643-3B5FBFC169A2}
		{98F7662A-99C7-4D96-95A5-9E7152C9906E} = {98BDD459-B9D2-4525-B914-2831A8D2D13F}
		{51A6E73F-1555-45D0-9ED1-A3E3D7A2EF5E} = {7C143220-C3BD-4BD1-898C-4A46F9A3D6F2}
		{E30DA289-F0DF-455D-971B-3AAF05752FAB} = {3D617531-09C5-41BF-AD8A-1A8914F7400B}
		{260CCC22-BAEE-4B4F-A137-EA9332F9E636} = {681BF1AC-5F1D-4F40-A4B8-4E4D533CD73A}
		{FCA73767-483E-4421-A888-72283CFCBD27} = {B82ACCC6-6946-4080-9511-A414C63F2CCF}
		{667602FC-2957-486A-B1E8-70355CD58EB8} = {845D308E-0F46-44C0-A6DE-64C6E8ACDAAB}
		{62738B91-64A0-4DEB-BB4A-FC0D21CF0602} = {CEABFC71-5BE9-4954-95E7-27A09AE3EBB9}
		{278350C3-D71B-4C7D-9BC3-7677AE1A2CFD} = {0757586A-8773-480B-B9E4-8E2B63F3C01C}
		{DC3056CF-59EC-4AB6-AF30-9C7937411040} = {680BD285-1601-42BD-B52C-338E5A3F3154}
		{F6F5CB0F-9B4D-446C-935A-2F1C080F6F51} = {680BD285-1601-42BD-B52C-338E5A3F3154}
		{AAF3CDE7-51BD-4F8E-B65B-588EF0689ADB} = {CA90ED8A-1283-411F-8D3E-5DF5C92201C1}
		{0F057785-9254-40A1-B755-BE325A1381CF} = {68841364-DEF8-4416-BF06-F628CB3953C8}
	EndGlobalSection
EndGlobal
